
Microsoft Visual Studio Solution File, Format Version 12.00
# Visual Studio 15
VisualStudioVersion = 15.0.28010.2026
MinimumVisualStudioVersion = 10.0.40219.1
Project("{FAE04EC0-301F-11D3-BF4B-00C04F79EFBC}") = "WindowsFormsApp1", "WindowsFormsApp1\WindowsFormsApp1.csproj", "{768EDE18-B6A7-4969-A415-466821B21FD1}"
EndProject
Global
	GlobalSection(SolutionConfigurationPlatforms) = preSolution
		Debug|Any CPU = Debug|Any CPU
		Release|Any CPU = Release|Any CPU
	EndGlobalSection
	GlobalSection(ProjectConfigurationPlatforms) = postSolution
		{768EDE18-B6A7-4969-A415-466821B21FD1}.Debug|Any CPU.ActiveCfg = Debug|Any CPU
		{768EDE18-B6A7-4969-A415-466821B21FD1}.Debug|Any CPU.Build.0 = Debug|Any CPU
		{768EDE18-B6A7-4969-A415-466821B21FD1}.Release|Any CPU.ActiveCfg = Release|Any CPU
		{768EDE18-B6A7-4969-A415-466821B21FD1}.Release|Any CPU.Build.0 = Release|Any CPU
	EndGlobalSection
	GlobalSection(SolutionProperties) = preSolution
		HideSolutionNode = FALSE
	EndGlobalSection
	GlobalSection(ExtensibilityGlobals) = postSolution
		SolutionGuid = {59D9C548-2DE1-4E62-A45C-68BE4893ED25}
	EndGlobalSection
EndGlobal
